
Microsoft Visual Studio Solution File, Format Version 12.00
# Visual Studio 14
VisualStudioVersion = 14.0.25420.1
MinimumVisualStudioVersion = 10.0.40219.1
Project("{FAE04EC0-301F-11D3-BF4B-00C04F79EFBC}") = "Hafta1Gun2Gun3", "Hafta1Gun2\Hafta1Gun2Gun3.csproj", "{3E3DA148-759C-4C33-B297-F8C3FCEC96BA}"
EndProject
Project("{FAE04EC0-301F-11D3-BF4B-00C04F79EFBC}") = "Odev1-CinFali", "Odev1-CinFali\Odev1-CinFali.csproj", "{10419699-A588-42AC-9B1F-837BFC76EF6D}"
EndProject
Project("{FAE04EC0-301F-11D3-BF4B-00C04F79EFBC}") = "Odev2-BomOyunu", "Odev2-BomOyunu\Odev2-BomOyunu.csproj", "{FD2A959B-D643-409E-A6BB-EE823BDC6413}"
EndProject
Project("{FAE04EC0-301F-11D3-BF4B-00C04F79EFBC}") = "Hafta2Gun1", "Hafta2Gun1\Hafta2Gun1.csproj", "{C6F38919-D839-4B6F-BBB4-6091E527460B}"
EndProject
Project("{FAE04EC0-301F-11D3-BF4B-00C04F79EFBC}") = "Hafta2Gun2", "Hafta2Gun2\Hafta2Gun2.csproj", "{FF4C299C-46A5-4D44-9B6D-374C6C0C9D95}"
EndProject
Project("{FAE04EC0-301F-11D3-BF4B-00C04F79EFBC}") = "BinarySearchTahminOyunu", "BinarySearchTahminOyunu\BinarySearchTahminOyunu.csproj", "{CCE10CAF-D634-4792-9D1B-4EBAFAD8D5CE}"
EndProject
Project("{FAE04EC0-301F-11D3-BF4B-00C04F79EFBC}") = "Hafta2Gun4", "Hafta2Gun4\Hafta2Gun4.csproj", "{6D597328-8A90-41F3-BD4F-0EB9AC50D014}"
EndProject
Project("{FAE04EC0-301F-11D3-BF4B-00C04F79EFBC}") = "HavaYollari", "HavaYollari\HavaYollari.csproj", "{41A1BB50-3250-4594-BBD8-46E6F621FC93}"
EndProject
Project("{FAE04EC0-301F-11D3-BF4B-00C04F79EFBC}") = "BoolKombinasyonuRecursion", "BoolKombinasyonuRecursion\BoolKombinasyonuRecursion.csproj", "{337B01CB-32CD-4310-A87C-47E876D32AC4}"
EndProject
Project("{FAE04EC0-301F-11D3-BF4B-00C04F79EFBC}") = "FaktoryelRecursion", "FaktoryelRecursion\FaktoryelRecursion.csproj", "{37E43E48-0593-49A5-AEFD-750A7CBEB889}"
EndProject
Project("{FAE04EC0-301F-11D3-BF4B-00C04F79EFBC}") = "TurkceUnluUyumu", "TurkceUnluUyumu\TurkceUnluUyumu.csproj", "{F13D7C3B-F241-4DC9-9CC7-F08BAC6FF440}"
EndProject
Project("{FAE04EC0-301F-11D3-BF4B-00C04F79EFBC}") = "Stringİslemleri", "Stringİslemleri\Stringİslemleri.csproj", "{545B91C8-7685-4291-BEBC-9C53B44B79DE}"
EndProject
Global
	GlobalSection(SolutionConfigurationPlatforms) = preSolution
		Debug|Any CPU = Debug|Any CPU
		Release|Any CPU = Release|Any CPU
	EndGlobalSection
	GlobalSection(ProjectConfigurationPlatforms) = postSolution
		{3E3DA148-759C-4C33-B297-F8C3FCEC96BA}.Debug|Any CPU.ActiveCfg = Debug|Any CPU
		{3E3DA148-759C-4C33-B297-F8C3FCEC96BA}.Debug|Any CPU.Build.0 = Debug|Any CPU
		{3E3DA148-759C-4C33-B297-F8C3FCEC96BA}.Release|Any CPU.ActiveCfg = Release|Any CPU
		{3E3DA148-759C-4C33-B297-F8C3FCEC96BA}.Release|Any CPU.Build.0 = Release|Any CPU
		{10419699-A588-42AC-9B1F-837BFC76EF6D}.Debug|Any CPU.ActiveCfg = Debug|Any CPU
		{10419699-A588-42AC-9B1F-837BFC76EF6D}.Debug|Any CPU.Build.0 = Debug|Any CPU
		{10419699-A588-42AC-9B1F-837BFC76EF6D}.Release|Any CPU.ActiveCfg = Release|Any CPU
		{10419699-A588-42AC-9B1F-837BFC76EF6D}.Release|Any CPU.Build.0 = Release|Any CPU
		{FD2A959B-D643-409E-A6BB-EE823BDC6413}.Debug|Any CPU.ActiveCfg = Debug|Any CPU
		{FD2A959B-D643-409E-A6BB-EE823BDC6413}.Debug|Any CPU.Build.0 = Debug|Any CPU
		{FD2A959B-D643-409E-A6BB-EE823BDC6413}.Release|Any CPU.ActiveCfg = Release|Any CPU
		{FD2A959B-D643-409E-A6BB-EE823BDC6413}.Release|Any CPU.Build.0 = Release|Any CPU
		{C6F38919-D839-4B6F-BBB4-6091E527460B}.Debug|Any CPU.ActiveCfg = Debug|Any CPU
		{C6F38919-D839-4B6F-BBB4-6091E527460B}.Debug|Any CPU.Build.0 = Debug|Any CPU
		{C6F38919-D839-4B6F-BBB4-6091E527460B}.Release|Any CPU.ActiveCfg = Release|Any CPU
		{C6F38919-D839-4B6F-BBB4-6091E527460B}.Release|Any CPU.Build.0 = Release|Any CPU
		{FF4C299C-46A5-4D44-9B6D-374C6C0C9D95}.Debug|Any CPU.ActiveCfg = Debug|Any CPU
		{FF4C299C-46A5-4D44-9B6D-374C6C0C9D95}.Debug|Any CPU.Build.0 = Debug|Any CPU
		{FF4C299C-46A5-4D44-9B6D-374C6C0C9D95}.Release|Any CPU.ActiveCfg = Release|Any CPU
		{FF4C299C-46A5-4D44-9B6D-374C6C0C9D95}.Release|Any CPU.Build.0 = Release|Any CPU
		{CCE10CAF-D634-4792-9D1B-4EBAFAD8D5CE}.Debug|Any CPU.ActiveCfg = Debug|Any CPU
		{CCE10CAF-D634-4792-9D1B-4EBAFAD8D5CE}.Debug|Any CPU.Build.0 = Debug|Any CPU
		{CCE10CAF-D634-4792-9D1B-4EBAFAD8D5CE}.Release|Any CPU.ActiveCfg = Release|Any CPU
		{CCE10CAF-D634-4792-9D1B-4EBAFAD8D5CE}.Release|Any CPU.Build.0 = Release|Any CPU
		{6D597328-8A90-41F3-BD4F-0EB9AC50D014}.Debug|Any CPU.ActiveCfg = Debug|Any CPU
		{6D597328-8A90-41F3-BD4F-0EB9AC50D014}.Debug|Any CPU.Build.0 = Debug|Any CPU
		{6D597328-8A90-41F3-BD4F-0EB9AC50D014}.Release|Any CPU.ActiveCfg = Release|Any CPU
		{6D597328-8A90-41F3-BD4F-0EB9AC50D014}.Release|Any CPU.Build.0 = Release|Any CPU
		{41A1BB50-3250-4594-BBD8-46E6F621FC93}.Debug|Any CPU.ActiveCfg = Debug|Any CPU
		{41A1BB50-3250-4594-BBD8-46E6F621FC93}.Debug|Any CPU.Build.0 = Debug|Any CPU
		{41A1BB50-3250-4594-BBD8-46E6F621FC93}.Release|Any CPU.ActiveCfg = Release|Any CPU
		{41A1BB50-3250-4594-BBD8-46E6F621FC93}.Release|Any CPU.Build.0 = Release|Any CPU
		{337B01CB-32CD-4310-A87C-47E876D32AC4}.Debug|Any CPU.ActiveCfg = Debug|Any CPU
		{337B01CB-32CD-4310-A87C-47E876D32AC4}.Debug|Any CPU.Build.0 = Debug|Any CPU
		{337B01CB-32CD-4310-A87C-47E876D32AC4}.Release|Any CPU.ActiveCfg = Release|Any CPU
		{337B01CB-32CD-4310-A87C-47E876D32AC4}.Release|Any CPU.Build.0 = Release|Any CPU
		{37E43E48-0593-49A5-AEFD-750A7CBEB889}.Debug|Any CPU.ActiveCfg = Debug|Any CPU
		{37E43E48-0593-49A5-AEFD-750A7CBEB889}.Debug|Any CPU.Build.0 = Debug|Any CPU
		{37E43E48-0593-49A5-AEFD-750A7CBEB889}.Release|Any CPU.ActiveCfg = Release|Any CPU
		{37E43E48-0593-49A5-AEFD-750A7CBEB889}.Release|Any CPU.Build.0 = Release|Any CPU
		{F13D7C3B-F241-4DC9-9CC7-F08BAC6FF440}.Debug|Any CPU.ActiveCfg = Debug|Any CPU
		{F13D7C3B-F241-4DC9-9CC7-F08BAC6FF440}.Debug|Any CPU.Build.0 = Debug|Any CPU
		{F13D7C3B-F241-4DC9-9CC7-F08BAC6FF440}.Release|Any CPU.ActiveCfg = Release|Any CPU
		{F13D7C3B-F241-4DC9-9CC7-F08BAC6FF440}.Release|Any CPU.Build.0 = Release|Any CPU
		{545B91C8-7685-4291-BEBC-9C53B44B79DE}.Debug|Any CPU.ActiveCfg = Debug|Any CPU
		{545B91C8-7685-4291-BEBC-9C53B44B79DE}.Debug|Any CPU.Build.0 = Debug|Any CPU
		{545B91C8-7685-4291-BEBC-9C53B44B79DE}.Release|Any CPU.ActiveCfg = Release|Any CPU
		{545B91C8-7685-4291-BEBC-9C53B44B79DE}.Release|Any CPU.Build.0 = Release|Any CPU
	EndGlobalSection
	GlobalSection(SolutionProperties) = preSolution
		HideSolutionNode = FALSE
	EndGlobalSection
EndGlobal
