
Microsoft Visual Studio Solution File, Format Version 12.00
# Visual Studio 15
VisualStudioVersion = 15.0.28010.2048
MinimumVisualStudioVersion = 10.0.40219.1
Project("{FAE04EC0-301F-11D3-BF4B-00C04F79EFBC}") = "QueueNonGeneric", "QueueNonGeneric\QueueNonGeneric.csproj", "{C0637DE5-6795-4887-84C9-DA80392D23F6}"
EndProject
Project("{FAE04EC0-301F-11D3-BF4B-00C04F79EFBC}") = "BitArrayCollections", "BitArray\BitArrayCollections.csproj", "{F7AA84F2-83D1-44D0-8007-85497685625D}"
EndProject
Project("{FAE04EC0-301F-11D3-BF4B-00C04F79EFBC}") = "SortedListNonGeneric", "SortedListNonGeneric\SortedListNonGeneric.csproj", "{689659DE-3239-458E-BB36-EE7CFE66E896}"
EndProject
Global
	GlobalSection(SolutionConfigurationPlatforms) = preSolution
		Debug|Any CPU = Debug|Any CPU
		Release|Any CPU = Release|Any CPU
	EndGlobalSection
	GlobalSection(ProjectConfigurationPlatforms) = postSolution
		{C0637DE5-6795-4887-84C9-DA80392D23F6}.Debug|Any CPU.ActiveCfg = Debug|Any CPU
		{C0637DE5-6795-4887-84C9-DA80392D23F6}.Debug|Any CPU.Build.0 = Debug|Any CPU
		{C0637DE5-6795-4887-84C9-DA80392D23F6}.Release|Any CPU.ActiveCfg = Release|Any CPU
		{C0637DE5-6795-4887-84C9-DA80392D23F6}.Release|Any CPU.Build.0 = Release|Any CPU
		{F7AA84F2-83D1-44D0-8007-85497685625D}.Debug|Any CPU.ActiveCfg = Debug|Any CPU
		{F7AA84F2-83D1-44D0-8007-85497685625D}.Debug|Any CPU.Build.0 = Debug|Any CPU
		{F7AA84F2-83D1-44D0-8007-85497685625D}.Release|Any CPU.ActiveCfg = Release|Any CPU
		{F7AA84F2-83D1-44D0-8007-85497685625D}.Release|Any CPU.Build.0 = Release|Any CPU
		{689659DE-3239-458E-BB36-EE7CFE66E896}.Debug|Any CPU.ActiveCfg = Debug|Any CPU
		{689659DE-3239-458E-BB36-EE7CFE66E896}.Debug|Any CPU.Build.0 = Debug|Any CPU
		{689659DE-3239-458E-BB36-EE7CFE66E896}.Release|Any CPU.ActiveCfg = Release|Any CPU
		{689659DE-3239-458E-BB36-EE7CFE66E896}.Release|Any CPU.Build.0 = Release|Any CPU
	EndGlobalSection
	GlobalSection(SolutionProperties) = preSolution
		HideSolutionNode = FALSE
	EndGlobalSection
	GlobalSection(ExtensibilityGlobals) = postSolution
		SolutionGuid = {741FF3AE-F2C8-4238-AADC-DA5F66A6F4F8}
	EndGlobalSection
EndGlobal
