
Microsoft Visual Studio Solution File, Format Version 12.00
# Visual Studio 15
VisualStudioVersion = 15.0.28010.2048
MinimumVisualStudioVersion = 10.0.40219.1
Project("{FAE04EC0-301F-11D3-BF4B-00C04F79EFBC}") = "LINQOrnek", "LINQOrnek\LINQOrnek.csproj", "{243C9A92-1FDF-4B2D-A8DD-11C1C359B6A3}"
EndProject
Project("{FAE04EC0-301F-11D3-BF4B-00C04F79EFBC}") = "LinqOrnekleri_VeriKaynagi", "LinqOrnekleri_VeriKaynagi\LinqOrnekleri_VeriKaynagi.csproj", "{3E61E385-7790-4D8A-ABEB-ED465A018A0D}"
EndProject
Global
	GlobalSection(SolutionConfigurationPlatforms) = preSolution
		Debug|Any CPU = Debug|Any CPU
		Release|Any CPU = Release|Any CPU
	EndGlobalSection
	GlobalSection(ProjectConfigurationPlatforms) = postSolution
		{243C9A92-1FDF-4B2D-A8DD-11C1C359B6A3}.Debug|Any CPU.ActiveCfg = Debug|Any CPU
		{243C9A92-1FDF-4B2D-A8DD-11C1C359B6A3}.Debug|Any CPU.Build.0 = Debug|Any CPU
		{243C9A92-1FDF-4B2D-A8DD-11C1C359B6A3}.Release|Any CPU.ActiveCfg = Release|Any CPU
		{243C9A92-1FDF-4B2D-A8DD-11C1C359B6A3}.Release|Any CPU.Build.0 = Release|Any CPU
		{3E61E385-7790-4D8A-ABEB-ED465A018A0D}.Debug|Any CPU.ActiveCfg = Debug|Any CPU
		{3E61E385-7790-4D8A-ABEB-ED465A018A0D}.Debug|Any CPU.Build.0 = Debug|Any CPU
		{3E61E385-7790-4D8A-ABEB-ED465A018A0D}.Release|Any CPU.ActiveCfg = Release|Any CPU
		{3E61E385-7790-4D8A-ABEB-ED465A018A0D}.Release|Any CPU.Build.0 = Release|Any CPU
	EndGlobalSection
	GlobalSection(SolutionProperties) = preSolution
		HideSolutionNode = FALSE
	EndGlobalSection
	GlobalSection(ExtensibilityGlobals) = postSolution
		SolutionGuid = {F43EBC2B-6F47-4F97-93CF-50D8783D9DE9}
	EndGlobalSection
EndGlobal
