
Microsoft Visual Studio Solution File, Format Version 12.00
# Visual Studio 15
VisualStudioVersion = 15.0.28010.2048
MinimumVisualStudioVersion = 10.0.40219.1
Project("{FAE04EC0-301F-11D3-BF4B-00C04F79EFBC}") = "DirectoryExample", "DirectoryExample\DirectoryExample.csproj", "{78D0B154-34C2-4F52-A06E-F1A48B119820}"
EndProject
Project("{FAE04EC0-301F-11D3-BF4B-00C04F79EFBC}") = "VedatEnumExample", "VedatEnumExample\VedatEnumExample.csproj", "{3547CF1E-0AAF-4686-B3E7-C149E65A1D68}"
EndProject
Project("{FAE04EC0-301F-11D3-BF4B-00C04F79EFBC}") = "DirectoryInfoExample", "DirectoryInfoExample\DirectoryInfoExample.csproj", "{80EB525C-8694-4BE2-AD74-16CFC3A62E79}"
EndProject
Project("{FAE04EC0-301F-11D3-BF4B-00C04F79EFBC}") = "FileInfoExample", "FileInfoExample\FileInfoExample.csproj", "{B51D3525-560D-4A27-B4E3-6D0AF4EFBFEF}"
EndProject
Project("{FAE04EC0-301F-11D3-BF4B-00C04F79EFBC}") = "FileStreamExample", "FileStreamExample\FileStreamExample.csproj", "{8F229F6E-01DA-400E-8D5D-59BBA75E78CC}"
EndProject
Global
	GlobalSection(SolutionConfigurationPlatforms) = preSolution
		Debug|Any CPU = Debug|Any CPU
		Release|Any CPU = Release|Any CPU
	EndGlobalSection
	GlobalSection(ProjectConfigurationPlatforms) = postSolution
		{78D0B154-34C2-4F52-A06E-F1A48B119820}.Debug|Any CPU.ActiveCfg = Debug|Any CPU
		{78D0B154-34C2-4F52-A06E-F1A48B119820}.Debug|Any CPU.Build.0 = Debug|Any CPU
		{78D0B154-34C2-4F52-A06E-F1A48B119820}.Release|Any CPU.ActiveCfg = Release|Any CPU
		{78D0B154-34C2-4F52-A06E-F1A48B119820}.Release|Any CPU.Build.0 = Release|Any CPU
		{3547CF1E-0AAF-4686-B3E7-C149E65A1D68}.Debug|Any CPU.ActiveCfg = Debug|Any CPU
		{3547CF1E-0AAF-4686-B3E7-C149E65A1D68}.Debug|Any CPU.Build.0 = Debug|Any CPU
		{3547CF1E-0AAF-4686-B3E7-C149E65A1D68}.Release|Any CPU.ActiveCfg = Release|Any CPU
		{3547CF1E-0AAF-4686-B3E7-C149E65A1D68}.Release|Any CPU.Build.0 = Release|Any CPU
		{80EB525C-8694-4BE2-AD74-16CFC3A62E79}.Debug|Any CPU.ActiveCfg = Debug|Any CPU
		{80EB525C-8694-4BE2-AD74-16CFC3A62E79}.Debug|Any CPU.Build.0 = Debug|Any CPU
		{80EB525C-8694-4BE2-AD74-16CFC3A62E79}.Release|Any CPU.ActiveCfg = Release|Any CPU
		{80EB525C-8694-4BE2-AD74-16CFC3A62E79}.Release|Any CPU.Build.0 = Release|Any CPU
		{B51D3525-560D-4A27-B4E3-6D0AF4EFBFEF}.Debug|Any CPU.ActiveCfg = Debug|Any CPU
		{B51D3525-560D-4A27-B4E3-6D0AF4EFBFEF}.Debug|Any CPU.Build.0 = Debug|Any CPU
		{B51D3525-560D-4A27-B4E3-6D0AF4EFBFEF}.Release|Any CPU.ActiveCfg = Release|Any CPU
		{B51D3525-560D-4A27-B4E3-6D0AF4EFBFEF}.Release|Any CPU.Build.0 = Release|Any CPU
		{8F229F6E-01DA-400E-8D5D-59BBA75E78CC}.Debug|Any CPU.ActiveCfg = Debug|Any CPU
		{8F229F6E-01DA-400E-8D5D-59BBA75E78CC}.Debug|Any CPU.Build.0 = Debug|Any CPU
		{8F229F6E-01DA-400E-8D5D-59BBA75E78CC}.Release|Any CPU.ActiveCfg = Release|Any CPU
		{8F229F6E-01DA-400E-8D5D-59BBA75E78CC}.Release|Any CPU.Build.0 = Release|Any CPU
	EndGlobalSection
	GlobalSection(SolutionProperties) = preSolution
		HideSolutionNode = FALSE
	EndGlobalSection
	GlobalSection(ExtensibilityGlobals) = postSolution
		SolutionGuid = {3ACCAE5F-4055-46C4-B28E-4B3E27CDECAC}
	EndGlobalSection
EndGlobal
