
Microsoft Visual Studio Solution File, Format Version 12.00
# Visual Studio 15
VisualStudioVersion = 15.0.28010.2048
MinimumVisualStudioVersion = 10.0.40219.1
Project("{FAE04EC0-301F-11D3-BF4B-00C04F79EFBC}") = "BaglantiOlusturma", "BaglantiOlusturma\BaglantiOlusturma.csproj", "{757B451E-E2D4-49D4-9B6E-95D436C146C1}"
EndProject
Project("{FAE04EC0-301F-11D3-BF4B-00C04F79EFBC}") = "UrunlerListele", "UrunlerListele\UrunlerListele.csproj", "{DC5E8E7B-7024-41AA-BDAF-A88061A0D5D7}"
EndProject
Project("{FAE04EC0-301F-11D3-BF4B-00C04F79EFBC}") = "DisconnectedMimari1", "DisconnectedMimari1\DisconnectedMimari1.csproj", "{324D5A73-93B4-48AE-8DEE-1EDD1EDA1310}"
EndProject
Global
	GlobalSection(SolutionConfigurationPlatforms) = preSolution
		Debug|Any CPU = Debug|Any CPU
		Release|Any CPU = Release|Any CPU
	EndGlobalSection
	GlobalSection(ProjectConfigurationPlatforms) = postSolution
		{757B451E-E2D4-49D4-9B6E-95D436C146C1}.Debug|Any CPU.ActiveCfg = Debug|Any CPU
		{757B451E-E2D4-49D4-9B6E-95D436C146C1}.Debug|Any CPU.Build.0 = Debug|Any CPU
		{757B451E-E2D4-49D4-9B6E-95D436C146C1}.Release|Any CPU.ActiveCfg = Release|Any CPU
		{757B451E-E2D4-49D4-9B6E-95D436C146C1}.Release|Any CPU.Build.0 = Release|Any CPU
		{DC5E8E7B-7024-41AA-BDAF-A88061A0D5D7}.Debug|Any CPU.ActiveCfg = Debug|Any CPU
		{DC5E8E7B-7024-41AA-BDAF-A88061A0D5D7}.Debug|Any CPU.Build.0 = Debug|Any CPU
		{DC5E8E7B-7024-41AA-BDAF-A88061A0D5D7}.Release|Any CPU.ActiveCfg = Release|Any CPU
		{DC5E8E7B-7024-41AA-BDAF-A88061A0D5D7}.Release|Any CPU.Build.0 = Release|Any CPU
		{324D5A73-93B4-48AE-8DEE-1EDD1EDA1310}.Debug|Any CPU.ActiveCfg = Debug|Any CPU
		{324D5A73-93B4-48AE-8DEE-1EDD1EDA1310}.Debug|Any CPU.Build.0 = Debug|Any CPU
		{324D5A73-93B4-48AE-8DEE-1EDD1EDA1310}.Release|Any CPU.ActiveCfg = Release|Any CPU
		{324D5A73-93B4-48AE-8DEE-1EDD1EDA1310}.Release|Any CPU.Build.0 = Release|Any CPU
	EndGlobalSection
	GlobalSection(SolutionProperties) = preSolution
		HideSolutionNode = FALSE
	EndGlobalSection
	GlobalSection(ExtensibilityGlobals) = postSolution
		SolutionGuid = {82D15C04-2872-4850-9A0E-5182507E016F}
	EndGlobalSection
EndGlobal
