
Microsoft Visual Studio Solution File, Format Version 12.00
# Visual Studio 15
VisualStudioVersion = 15.0.28010.2048
MinimumVisualStudioVersion = 10.0.40219.1
Project("{FAE04EC0-301F-11D3-BF4B-00C04F79EFBC}") = "XMLSerializitionDeserializition", "XMLSerializitionDeserializition\XMLSerializitionDeserializition.csproj", "{4DB3ADBE-1AC3-441C-BCCC-FD9E5BE1EE1E}"
EndProject
Global
	GlobalSection(SolutionConfigurationPlatforms) = preSolution
		Debug|Any CPU = Debug|Any CPU
		Release|Any CPU = Release|Any CPU
	EndGlobalSection
	GlobalSection(ProjectConfigurationPlatforms) = postSolution
		{4DB3ADBE-1AC3-441C-BCCC-FD9E5BE1EE1E}.Debug|Any CPU.ActiveCfg = Debug|Any CPU
		{4DB3ADBE-1AC3-441C-BCCC-FD9E5BE1EE1E}.Debug|Any CPU.Build.0 = Debug|Any CPU
		{4DB3ADBE-1AC3-441C-BCCC-FD9E5BE1EE1E}.Release|Any CPU.ActiveCfg = Release|Any CPU
		{4DB3ADBE-1AC3-441C-BCCC-FD9E5BE1EE1E}.Release|Any CPU.Build.0 = Release|Any CPU
	EndGlobalSection
	GlobalSection(SolutionProperties) = preSolution
		HideSolutionNode = FALSE
	EndGlobalSection
	GlobalSection(ExtensibilityGlobals) = postSolution
		SolutionGuid = {E531E0C0-5323-4C51-B767-C5592DBCEE2B}
	EndGlobalSection
EndGlobal
